
Microsoft Visual Studio Solution File, Format Version 12.00
# Visual Studio Version 16
VisualStudioVersion = 16.0.30907.101
MinimumVisualStudioVersion = 10.0.40219.1
Project("{FAE04EC0-301F-11D3-BF4B-00C04F79EFBC}") = "WindowsFormsAppAtYarışı", "WindowsFormsAppAtYarışı\WindowsFormsAppAtYarışı.csproj", "{CA1BFC27-2984-4513-96FD-75B6F84061FF}"
EndProject
Global
	GlobalSection(SolutionConfigurationPlatforms) = preSolution
		Debug|Any CPU = Debug|Any CPU
		Release|Any CPU = Release|Any CPU
	EndGlobalSection
	GlobalSection(ProjectConfigurationPlatforms) = postSolution
		{CA1BFC27-2984-4513-96FD-75B6F84061FF}.Debug|Any CPU.ActiveCfg = Debug|Any CPU
		{CA1BFC27-2984-4513-96FD-75B6F84061FF}.Debug|Any CPU.Build.0 = Debug|Any CPU
		{CA1BFC27-2984-4513-96FD-75B6F84061FF}.Release|Any CPU.ActiveCfg = Release|Any CPU
		{CA1BFC27-2984-4513-96FD-75B6F84061FF}.Release|Any CPU.Build.0 = Release|Any CPU
	EndGlobalSection
	GlobalSection(SolutionProperties) = preSolution
		HideSolutionNode = FALSE
	EndGlobalSection
	GlobalSection(ExtensibilityGlobals) = postSolution
		SolutionGuid = {C9AB8FAB-FF64-4BEC-A49E-A73303B6F575}
	EndGlobalSection
EndGlobal
